{
  "name": "oddio",
  "version": "1.0.0",
  "lockfileVersion": 1,
  "requires": true,
  "dependencies": {
    "@mapbox/corslite": {
      "version": "0.0.7",
      "resolved": "https://registry.npmjs.org/@mapbox/corslite/-/corslite-0.0.7.tgz",
      "integrity": "sha1-KfW2oYi6lG5RS98LZAHtT74To54="
    },
    "@mapbox/polyline": {
      "version": "0.2.0",
      "resolved": "https://registry.npmjs.org/@mapbox/polyline/-/polyline-0.2.0.tgz",
      "integrity": "sha1-biWYB0SqIjMflLZFpULALT/P7pc="
    },
    "leaflet": {
      "version": "1.5.1",
      "resolved": "https://registry.npmjs.org/leaflet/-/leaflet-1.5.1.tgz",
      "integrity": "sha512-ekM9KAeG99tYisNBg0IzEywAlp0hYI5XRipsqRXyRTeuU8jcuntilpp+eFf5gaE0xubc9RuSNIVtByEKwqFV0w=="
    },
    "leaflet-routing-machine": {
      "version": "3.2.12",
      "resolved": "https://registry.npmjs.org/leaflet-routing-machine/-/leaflet-routing-machine-3.2.12.tgz",
      "integrity": "sha512-HLde58G1YtD9xSIzZavJ6BPABZaV1hHeGst8ouhzuxmSC3s32NVtADT+njbIUMW1maHRCrsgTk/E4hz5QH7FrA==",
      "requires": {
        "@mapbox/corslite": "0.0.7",
        "@mapbox/polyline": "^0.2.0",
        "osrm-text-instructions": "^0.13.2"
      }
    },
    "osrm-text-instructions": {
      "version": "0.13.3",
      "resolved": "https://registry.npmjs.org/osrm-text-instructions/-/osrm-text-instructions-0.13.3.tgz",
      "integrity": "sha512-r2T+024RtxM3SWkr5XzNthmgyPWiutfcHsTtQAHszpg9k0iWkyBeUxpzvgQz+IBa3sQYnxV4VF9s3wFNKEeliQ=="
    }
  }
}
