# THIS IS AN AUTOGENERATED FILE. DO NOT EDIT THIS FILE DIRECTLY.
# yarn lockfile v1


"@mapbox/corslite@0.0.7":
  version "0.0.7"
  resolved "https://registry.yarnpkg.com/@mapbox/corslite/-/corslite-0.0.7.tgz#29f5b6a188ba946e514bdf0b6401ed4fbe13a39e"
  integrity sha1-KfW2oYi6lG5RS98LZAHtT74To54=

"@mapbox/polyline@^0.2.0":
  version "0.2.0"
  resolved "https://registry.yarnpkg.com/@mapbox/polyline/-/polyline-0.2.0.tgz#6e25980744aa22331f94b645a542c02d3fcfee97"
  integrity sha1-biWYB0SqIjMflLZFpULALT/P7pc=

leaflet-routing-machine@^3.2.12:
  version "3.2.12"
  resolved "https://registry.yarnpkg.com/leaflet-routing-machine/-/leaflet-routing-machine-3.2.12.tgz#9e4aef008321b0227cf894d829c3b4c1f13e4e13"
  integrity sha512-HLde58G1YtD9xSIzZavJ6BPABZaV1hHeGst8ouhzuxmSC3s32NVtADT+njbIUMW1maHRCrsgTk/E4hz5QH7FrA==
  dependencies:
    "@mapbox/corslite" "0.0.7"
    "@mapbox/polyline" "^0.2.0"
    osrm-text-instructions "^0.13.2"

leaflet@^1.5.1:
  version "1.5.1"
  resolved "https://registry.yarnpkg.com/leaflet/-/leaflet-1.5.1.tgz#9afb9d963d66c870066b1342e7a06f92840f46bf"
  integrity sha512-ekM9KAeG99tYisNBg0IzEywAlp0hYI5XRipsqRXyRTeuU8jcuntilpp+eFf5gaE0xubc9RuSNIVtByEKwqFV0w==

osrm-text-instructions@^0.13.2:
  version "0.13.3"
  resolved "https://registry.yarnpkg.com/osrm-text-instructions/-/osrm-text-instructions-0.13.3.tgz#67a8d278a8e99bcd1bcd6b05cb7a2da85488fa69"
  integrity sha512-r2T+024RtxM3SWkr5XzNthmgyPWiutfcHsTtQAHszpg9k0iWkyBeUxpzvgQz+IBa3sQYnxV4VF9s3wFNKEeliQ==
